{
  "lib/forge-std": {
    "rev": "3b20d60d14b343ee4f908cb8079495c07f5e8981"
  },
  "lib/stGOV": {
    "tag": {
      "name": "v1.1.2",
      "rev": "f41a2a24da46d86c54fe335de6320c1381cb3a14"
    }
  },
  "lib/staker": {
    "tag": {
      "name": "v1.0.1",
      "rev": "b5b6f98daf53cf1d678ab3cc219223890b5cda3b"
    }
  }
}